# This file is automatically @generated by Cargo.
# It is not intended for manual editing.
[[package]]
name = "byteorder"
version = "1.3.4"
source = "registry+https://github.com/rust-lang/crates.io-index"
checksum = "08c48aae112d48ed9f069b33538ea9e3e90aa263cfa3d1c24309612b1f7472de"

[[package]]
name = "getopts"
version = "0.2.21"
source = "registry+https://github.com/rust-lang/crates.io-index"
checksum = "14dbbfd5c71d70241ecf9e6f13737f7b5ce823821063188d7e46c41d371eebd5"
dependencies = [
 "unicode-width",
]

[[package]]
name = "nxf"
version = "0.1.0"
dependencies = [
 "byteorder",
]

[[package]]
name = "pmw2_collada"
version = "0.1.0"
dependencies = [
 "getopts",
 "nxf",
 "sf",
 "xml-rs",
]

[[package]]
name = "sf"
version = "0.1.0"
dependencies = [
 "byteorder",
]

[[package]]
name = "unicode-width"
version = "0.1.7"
source = "registry+https://github.com/rust-lang/crates.io-index"
checksum = "caaa9d531767d1ff2150b9332433f32a24622147e5ebb1f26409d5da67afd479"

[[package]]
name = "xml-rs"
version = "0.8.2"
source = "registry+https://github.com/rust-lang/crates.io-index"
checksum = "2bb76e5c421bbbeb8924c60c030331b345555024d56261dae8f3e786ed817c23"
